Microsoft Visual Studio Solution File, Format Version 12.00
# Visual Studio 14
VisualStudioVersion = 14.0.24720.0
MinimumVisualStudioVersion = 10.0.40219.1
Project("{FAE04EC0-301F-11D3-BF4B-00C04F79EFBC}") = "Dbot.Main", "Dbot.Main\Dbot.Main.csproj", "{2D7C9BBC-6FE8-4734-B045-A7E4A6C1F2A9}"
EndProject
Project("{FAE04EC0-301F-11D3-BF4B-00C04F79EFBC}") = "Dbot.CommonModels", "Dbot.CommonModels\Dbot.CommonModels.csproj", "{65D520B2-5739-4908-90B0-739CB4DAAC4D}"
EndProject
Project("{FAE04EC0-301F-11D3-BF4B-00C04F79EFBC}") = "Dbot.Data", "Dbot.Data\Dbot.Data.csproj", "{1E2409C3-C544-4EC2-AA93-9C0F5A4B02EC}"
EndProject
Project("{2150E333-8FDC-42A3-9474-1A3956D46DE8}") = "Common", "Common", "{D5C9D8F2-D660-41B9-AE22-E1732127FB13}"
EndProject
Project("{FAE04EC0-301F-11D3-BF4B-00C04F79EFBC}") = "Dbot.Utility", "Dbot.Utility\Dbot.Utility.csproj", "{E27FAB2D-880D-4137-B32A-23E7DB585BF3}"
EndProject
Project("{FAE04EC0-301F-11D3-BF4B-00C04F79EFBC}") = "Dbot.UnitTest", "Dbot.UnitTest\Dbot.UnitTest.csproj", "{614D6720-DB0A-42FF-B028-B5C236E52C90}"
EndProject
Project("{2150E333-8FDC-42A3-9474-1A3956D46DE8}") = "Solution Items", "Solution Items", "{BDC86AFA-B4DF-46FF-B3F3-01D3EFD7E0ED}"
	ProjectSection(SolutionItems) = preProject
		sqlite.testsettings = sqlite.testsettings
	EndProjectSection
EndProject
Project("{FAE04EC0-301F-11D3-BF4B-00C04F79EFBC}") = "Dbot.Processor", "Dbot.Processor\Dbot.Processor.csproj", "{70D90913-35AE-4502-90E7-8C1316A92CF2}"
EndProject
Project("{FAE04EC0-301F-11D3-BF4B-00C04F79EFBC}") = "Dbot.Client", "Dbot.Client\Dbot.Client.csproj", "{063691B4-0283-46A9-8EAA-19FE0DB0628A}"
EndProject
Global
	GlobalSection(SolutionConfigurationPlatforms) = preSolution
		Debug|Any CPU = Debug|Any CPU
		Release|Any CPU = Release|Any CPU
	EndGlobalSection
	GlobalSection(ProjectConfigurationPlatforms) = postSolution
		{2D7C9BBC-6FE8-4734-B045-A7E4A6C1F2A9}.Debug|Any CPU.ActiveCfg = Debug|Any CPU
		{2D7C9BBC-6FE8-4734-B045-A7E4A6C1F2A9}.Debug|Any CPU.Build.0 = Debug|Any CPU
		{2D7C9BBC-6FE8-4734-B045-A7E4A6C1F2A9}.Release|Any CPU.ActiveCfg = Release|Any CPU
		{2D7C9BBC-6FE8-4734-B045-A7E4A6C1F2A9}.Release|Any CPU.Build.0 = Release|Any CPU
		{65D520B2-5739-4908-90B0-739CB4DAAC4D}.Debug|Any CPU.ActiveCfg = Debug|Any CPU
		{65D520B2-5739-4908-90B0-739CB4DAAC4D}.Debug|Any CPU.Build.0 = Debug|Any CPU
		{65D520B2-5739-4908-90B0-739CB4DAAC4D}.Release|Any CPU.ActiveCfg = Release|Any CPU
		{65D520B2-5739-4908-90B0-739CB4DAAC4D}.Release|Any CPU.Build.0 = Release|Any CPU
		{1E2409C3-C544-4EC2-AA93-9C0F5A4B02EC}.Debug|Any CPU.ActiveCfg = Debug|Any CPU
		{1E2409C3-C544-4EC2-AA93-9C0F5A4B02EC}.Debug|Any CPU.Build.0 = Debug|Any CPU
		{1E2409C3-C544-4EC2-AA93-9C0F5A4B02EC}.Release|Any CPU.ActiveCfg = Release|Any CPU
		{1E2409C3-C544-4EC2-AA93-9C0F5A4B02EC}.Release|Any CPU.Build.0 = Release|Any CPU
		{E27FAB2D-880D-4137-B32A-23E7DB585BF3}.Debug|Any CPU.ActiveCfg = Debug|Any CPU
		{E27FAB2D-880D-4137-B32A-23E7DB585BF3}.Debug|Any CPU.Build.0 = Debug|Any CPU
		{E27FAB2D-880D-4137-B32A-23E7DB585BF3}.Release|Any CPU.ActiveCfg = Release|Any CPU
		{E27FAB2D-880D-4137-B32A-23E7DB585BF3}.Release|Any CPU.Build.0 = Release|Any CPU
		{614D6720-DB0A-42FF-B028-B5C236E52C90}.Debug|Any CPU.ActiveCfg = Debug|Any CPU
		{614D6720-DB0A-42FF-B028-B5C236E52C90}.Debug|Any CPU.Build.0 = Debug|Any CPU
		{614D6720-DB0A-42FF-B028-B5C236E52C90}.Release|Any CPU.ActiveCfg = Release|Any CPU
		{614D6720-DB0A-42FF-B028-B5C236E52C90}.Release|Any CPU.Build.0 = Release|Any CPU
		{70D90913-35AE-4502-90E7-8C1316A92CF2}.Debug|Any CPU.ActiveCfg = Debug|Any CPU
		{70D90913-35AE-4502-90E7-8C1316A92CF2}.Debug|Any CPU.Build.0 = Debug|Any CPU
		{70D90913-35AE-4502-90E7-8C1316A92CF2}.Release|Any CPU.ActiveCfg = Release|Any CPU
		{70D90913-35AE-4502-90E7-8C1316A92CF2}.Release|Any CPU.Build.0 = Release|Any CPU
		{063691B4-0283-46A9-8EAA-19FE0DB0628A}.Debug|Any CPU.ActiveCfg = Debug|Any CPU
		{063691B4-0283-46A9-8EAA-19FE0DB0628A}.Debug|Any CPU.Build.0 = Debug|Any CPU
		{063691B4-0283-46A9-8EAA-19FE0DB0628A}.Release|Any CPU.ActiveCfg = Release|Any CPU
		{063691B4-0283-46A9-8EAA-19FE0DB0628A}.Release|Any CPU.Build.0 = Release|Any CPU
	EndGlobalSection
	GlobalSection(SolutionProperties) = preSolution
		HideSolutionNode = FALSE
	EndGlobalSection
	GlobalSection(NestedProjects) = preSolution
		{65D520B2-5739-4908-90B0-739CB4DAAC4D} = {D5C9D8F2-D660-41B9-AE22-E1732127FB13}
		{E27FAB2D-880D-4137-B32A-23E7DB585BF3} = {D5C9D8F2-D660-41B9-AE22-E1732127FB13}
	EndGlobalSection
EndGlobal
