Microsoft Visual Studio Solution File, Format Version 12.00
# Visual Studio 2013
VisualStudioVersion = 12.0.31101.0
MinimumVisualStudioVersion = 10.0.40219.1
Project("{FAE04EC0-301F-11D3-BF4B-00C04F79EFBC}") = "Dbot.Main", "Dbot.Main\Dbot.Main.csproj", "{2D7C9BBC-6FE8-4734-B045-A7E4A6C1F2A9}"
EndProject
Project("{FAE04EC0-301F-11D3-BF4B-00C04F79EFBC}") = "Dbot.CommonModels", "Dbot.CommonModels\Dbot.CommonModels.csproj", "{65D520B2-5739-4908-90B0-739CB4DAAC4D}"
EndProject
Project("{FAE04EC0-301F-11D3-BF4B-00C04F79EFBC}") = "Dbot.Common", "Dbot.Common\Dbot.Common.csproj", "{E59D160D-6C94-421F-916A-8533AFC15211}"
EndProject
Project("{FAE04EC0-301F-11D3-BF4B-00C04F79EFBC}") = "Dbot.WebSocketClient", "Dbot.WebSocketClient\Dbot.WebSocketClient.csproj", "{80CAF0DD-1886-42F8-B119-565E7C389424}"
EndProject
Project("{FAE04EC0-301F-11D3-BF4B-00C04F79EFBC}") = "Dbot.Data", "Dbot.Data\Dbot.Data.csproj", "{1E2409C3-C544-4EC2-AA93-9C0F5A4B02EC}"
EndProject
Project("{FAE04EC0-301F-11D3-BF4B-00C04F79EFBC}") = "Dbot.Banner", "Dbot.Banner\Dbot.Banner.csproj", "{52C8958F-BB47-4598-9308-6739139FE903}"
EndProject
Project("{FAE04EC0-301F-11D3-BF4B-00C04F79EFBC}") = "Dbot.Commander", "Dbot.Commander\Dbot.Commander.csproj", "{A90CED47-DABA-4C5A-9340-761BDBB31A5D}"
EndProject
Project("{2150E333-8FDC-42A3-9474-1A3956D46DE8}") = "Blocks", "Blocks", "{35326829-0D2D-467A-9172-75FE923E4D77}"
EndProject
Project("{2150E333-8FDC-42A3-9474-1A3956D46DE8}") = "Common", "Common", "{D5C9D8F2-D660-41B9-AE22-E1732127FB13}"
EndProject
Project("{FAE04EC0-301F-11D3-BF4B-00C04F79EFBC}") = "Dbot.Utility", "Dbot.Utility\Dbot.Utility.csproj", "{E27FAB2D-880D-4137-B32A-23E7DB585BF3}"
EndProject
Project("{FAE04EC0-301F-11D3-BF4B-00C04F79EFBC}") = "Dbot.ModCommander", "Dbot.ModCommander\Dbot.ModCommander.csproj", "{B9C623B7-1AA0-4803-843A-81FDE1660FCB}"
EndProject
Project("{FAE04EC0-301F-11D3-BF4B-00C04F79EFBC}") = "UnitTest", "UnitTest\UnitTest.csproj", "{614D6720-DB0A-42FF-B028-B5C236E52C90}"
EndProject
Project("{2150E333-8FDC-42A3-9474-1A3956D46DE8}") = "Solution Items", "Solution Items", "{BDC86AFA-B4DF-46FF-B3F3-01D3EFD7E0ED}"
	ProjectSection(SolutionItems) = preProject
		sqlite.testsettings = sqlite.testsettings
	EndProjectSection
EndProject
Project("{FAE04EC0-301F-11D3-BF4B-00C04F79EFBC}") = "Dbot.InfiniteClient", "Dbot.InfiniteClient\Dbot.InfiniteClient.csproj", "{7377AC35-F3B7-4734-84BC-8865F72749B9}"
EndProject
Project("{2150E333-8FDC-42A3-9474-1A3956D46DE8}") = "Clients", "Clients", "{AFEC8FE1-4B09-4C0D-8DE5-740FE7E5187B}"
EndProject
Project("{FAE04EC0-301F-11D3-BF4B-00C04F79EFBC}") = "Dbot.Processor", "Dbot.Processor\Dbot.Processor.csproj", "{70D90913-35AE-4502-90E7-8C1316A92CF2}"
EndProject
Global
	GlobalSection(SolutionConfigurationPlatforms) = preSolution
		Debug|Any CPU = Debug|Any CPU
		Release|Any CPU = Release|Any CPU
	EndGlobalSection
	GlobalSection(ProjectConfigurationPlatforms) = postSolution
		{2D7C9BBC-6FE8-4734-B045-A7E4A6C1F2A9}.Debug|Any CPU.ActiveCfg = Debug|Any CPU
		{2D7C9BBC-6FE8-4734-B045-A7E4A6C1F2A9}.Debug|Any CPU.Build.0 = Debug|Any CPU
		{2D7C9BBC-6FE8-4734-B045-A7E4A6C1F2A9}.Release|Any CPU.ActiveCfg = Release|Any CPU
		{2D7C9BBC-6FE8-4734-B045-A7E4A6C1F2A9}.Release|Any CPU.Build.0 = Release|Any CPU
		{65D520B2-5739-4908-90B0-739CB4DAAC4D}.Debug|Any CPU.ActiveCfg = Debug|Any CPU
		{65D520B2-5739-4908-90B0-739CB4DAAC4D}.Debug|Any CPU.Build.0 = Debug|Any CPU
		{65D520B2-5739-4908-90B0-739CB4DAAC4D}.Release|Any CPU.ActiveCfg = Release|Any CPU
		{65D520B2-5739-4908-90B0-739CB4DAAC4D}.Release|Any CPU.Build.0 = Release|Any CPU
		{E59D160D-6C94-421F-916A-8533AFC15211}.Debug|Any CPU.ActiveCfg = Debug|Any CPU
		{E59D160D-6C94-421F-916A-8533AFC15211}.Debug|Any CPU.Build.0 = Debug|Any CPU
		{E59D160D-6C94-421F-916A-8533AFC15211}.Release|Any CPU.ActiveCfg = Release|Any CPU
		{E59D160D-6C94-421F-916A-8533AFC15211}.Release|Any CPU.Build.0 = Release|Any CPU
		{80CAF0DD-1886-42F8-B119-565E7C389424}.Debug|Any CPU.ActiveCfg = Debug|Any CPU
		{80CAF0DD-1886-42F8-B119-565E7C389424}.Debug|Any CPU.Build.0 = Debug|Any CPU
		{80CAF0DD-1886-42F8-B119-565E7C389424}.Release|Any CPU.ActiveCfg = Release|Any CPU
		{80CAF0DD-1886-42F8-B119-565E7C389424}.Release|Any CPU.Build.0 = Release|Any CPU
		{1E2409C3-C544-4EC2-AA93-9C0F5A4B02EC}.Debug|Any CPU.ActiveCfg = Debug|Any CPU
		{1E2409C3-C544-4EC2-AA93-9C0F5A4B02EC}.Debug|Any CPU.Build.0 = Debug|Any CPU
		{1E2409C3-C544-4EC2-AA93-9C0F5A4B02EC}.Release|Any CPU.ActiveCfg = Release|Any CPU
		{1E2409C3-C544-4EC2-AA93-9C0F5A4B02EC}.Release|Any CPU.Build.0 = Release|Any CPU
		{52C8958F-BB47-4598-9308-6739139FE903}.Debug|Any CPU.ActiveCfg = Debug|Any CPU
		{52C8958F-BB47-4598-9308-6739139FE903}.Debug|Any CPU.Build.0 = Debug|Any CPU
		{52C8958F-BB47-4598-9308-6739139FE903}.Release|Any CPU.ActiveCfg = Release|Any CPU
		{52C8958F-BB47-4598-9308-6739139FE903}.Release|Any CPU.Build.0 = Release|Any CPU
		{A90CED47-DABA-4C5A-9340-761BDBB31A5D}.Debug|Any CPU.ActiveCfg = Debug|Any CPU
		{A90CED47-DABA-4C5A-9340-761BDBB31A5D}.Debug|Any CPU.Build.0 = Debug|Any CPU
		{A90CED47-DABA-4C5A-9340-761BDBB31A5D}.Release|Any CPU.ActiveCfg = Release|Any CPU
		{A90CED47-DABA-4C5A-9340-761BDBB31A5D}.Release|Any CPU.Build.0 = Release|Any CPU
		{E27FAB2D-880D-4137-B32A-23E7DB585BF3}.Debug|Any CPU.ActiveCfg = Debug|Any CPU
		{E27FAB2D-880D-4137-B32A-23E7DB585BF3}.Debug|Any CPU.Build.0 = Debug|Any CPU
		{E27FAB2D-880D-4137-B32A-23E7DB585BF3}.Release|Any CPU.ActiveCfg = Release|Any CPU
		{E27FAB2D-880D-4137-B32A-23E7DB585BF3}.Release|Any CPU.Build.0 = Release|Any CPU
		{B9C623B7-1AA0-4803-843A-81FDE1660FCB}.Debug|Any CPU.ActiveCfg = Debug|Any CPU
		{B9C623B7-1AA0-4803-843A-81FDE1660FCB}.Debug|Any CPU.Build.0 = Debug|Any CPU
		{B9C623B7-1AA0-4803-843A-81FDE1660FCB}.Release|Any CPU.ActiveCfg = Release|Any CPU
		{B9C623B7-1AA0-4803-843A-81FDE1660FCB}.Release|Any CPU.Build.0 = Release|Any CPU
		{614D6720-DB0A-42FF-B028-B5C236E52C90}.Debug|Any CPU.ActiveCfg = Debug|Any CPU
		{614D6720-DB0A-42FF-B028-B5C236E52C90}.Debug|Any CPU.Build.0 = Debug|Any CPU
		{614D6720-DB0A-42FF-B028-B5C236E52C90}.Release|Any CPU.ActiveCfg = Release|Any CPU
		{614D6720-DB0A-42FF-B028-B5C236E52C90}.Release|Any CPU.Build.0 = Release|Any CPU
		{7377AC35-F3B7-4734-84BC-8865F72749B9}.Debug|Any CPU.ActiveCfg = Debug|Any CPU
		{7377AC35-F3B7-4734-84BC-8865F72749B9}.Debug|Any CPU.Build.0 = Debug|Any CPU
		{7377AC35-F3B7-4734-84BC-8865F72749B9}.Release|Any CPU.ActiveCfg = Release|Any CPU
		{7377AC35-F3B7-4734-84BC-8865F72749B9}.Release|Any CPU.Build.0 = Release|Any CPU
		{70D90913-35AE-4502-90E7-8C1316A92CF2}.Debug|Any CPU.ActiveCfg = Debug|Any CPU
		{70D90913-35AE-4502-90E7-8C1316A92CF2}.Debug|Any CPU.Build.0 = Debug|Any CPU
		{70D90913-35AE-4502-90E7-8C1316A92CF2}.Release|Any CPU.ActiveCfg = Release|Any CPU
		{70D90913-35AE-4502-90E7-8C1316A92CF2}.Release|Any CPU.Build.0 = Release|Any CPU
	EndGlobalSection
	GlobalSection(SolutionProperties) = preSolution
		HideSolutionNode = FALSE
	EndGlobalSection
	GlobalSection(NestedProjects) = preSolution
		{65D520B2-5739-4908-90B0-739CB4DAAC4D} = {D5C9D8F2-D660-41B9-AE22-E1732127FB13}
		{E59D160D-6C94-421F-916A-8533AFC15211} = {D5C9D8F2-D660-41B9-AE22-E1732127FB13}
		{80CAF0DD-1886-42F8-B119-565E7C389424} = {AFEC8FE1-4B09-4C0D-8DE5-740FE7E5187B}
		{52C8958F-BB47-4598-9308-6739139FE903} = {35326829-0D2D-467A-9172-75FE923E4D77}
		{A90CED47-DABA-4C5A-9340-761BDBB31A5D} = {35326829-0D2D-467A-9172-75FE923E4D77}
		{E27FAB2D-880D-4137-B32A-23E7DB585BF3} = {D5C9D8F2-D660-41B9-AE22-E1732127FB13}
		{B9C623B7-1AA0-4803-843A-81FDE1660FCB} = {35326829-0D2D-467A-9172-75FE923E4D77}
		{7377AC35-F3B7-4734-84BC-8865F72749B9} = {AFEC8FE1-4B09-4C0D-8DE5-740FE7E5187B}
	EndGlobalSection
EndGlobal
