
Microsoft Visual Studio Solution File, Format Version 12.00
# Visual Studio 2013
VisualStudioVersion = 12.0.31101.0
MinimumVisualStudioVersion = 10.0.40219.1
Project("{FAE04EC0-301F-11D3-BF4B-00C04F79EFBC}") = "Echobot2", "Echobot2\Echobot2.csproj", "{2D7C9BBC-6FE8-4734-B045-A7E4A6C1F2A9}"
EndProject
Project("{FAE04EC0-301F-11D3-BF4B-00C04F79EFBC}") = "WebSocketClient", "WebSocketClient\WebSocketClient.csproj", "{C4DA6D2A-9FDE-4E8B-944F-7FB4750933BB}"
EndProject
Global
	GlobalSection(SolutionConfigurationPlatforms) = preSolution
		Debug|Any CPU = Debug|Any CPU
		Release|Any CPU = Release|Any CPU
	EndGlobalSection
	GlobalSection(ProjectConfigurationPlatforms) = postSolution
		{2D7C9BBC-6FE8-4734-B045-A7E4A6C1F2A9}.Debug|Any CPU.ActiveCfg = Debug|Any CPU
		{2D7C9BBC-6FE8-4734-B045-A7E4A6C1F2A9}.Debug|Any CPU.Build.0 = Debug|Any CPU
		{2D7C9BBC-6FE8-4734-B045-A7E4A6C1F2A9}.Release|Any CPU.ActiveCfg = Release|Any CPU
		{2D7C9BBC-6FE8-4734-B045-A7E4A6C1F2A9}.Release|Any CPU.Build.0 = Release|Any CPU
		{C4DA6D2A-9FDE-4E8B-944F-7FB4750933BB}.Debug|Any CPU.ActiveCfg = Debug|Any CPU
		{C4DA6D2A-9FDE-4E8B-944F-7FB4750933BB}.Debug|Any CPU.Build.0 = Debug|Any CPU
		{C4DA6D2A-9FDE-4E8B-944F-7FB4750933BB}.Release|Any CPU.ActiveCfg = Release|Any CPU
		{C4DA6D2A-9FDE-4E8B-944F-7FB4750933BB}.Release|Any CPU.Build.0 = Release|Any CPU
	EndGlobalSection
	GlobalSection(SolutionProperties) = preSolution
		HideSolutionNode = FALSE
	EndGlobalSection
EndGlobal
